
Microsoft Visual Studio Solution File, Format Version 12.00
# Visual Studio Version 17
VisualStudioVersion = 17.0.31903.59
MinimumVisualStudioVersion = 10.0.40219.1
Project("{FAE04EC0-301F-11D3-BF4B-00C04F79EFBC}") = "EfCorePractice.Persistence", "EfCorePractice.Persistent\EfCorePractice.Persistence.csproj", "{6F13ED6C-C2E0-4A5B-8120-E24D12654021}"
EndProject
Project("{2150E333-8FDC-42A3-9474-1A3956D46DE8}") = "Infrastructure", "Infrastructure", "{E7EE6EB6-9C87-4D60-9079-85045CC5CE80}"
EndProject
Global
	GlobalSection(SolutionConfigurationPlatforms) = preSolution
		Debug|Any CPU = Debug|Any CPU
		Release|Any CPU = Release|Any CPU
	EndGlobalSection
	GlobalSection(ProjectConfigurationPlatforms) = postSolution
		{6F13ED6C-C2E0-4A5B-8120-E24D12654021}.Debug|Any CPU.ActiveCfg = Debug|Any CPU
		{6F13ED6C-C2E0-4A5B-8120-E24D12654021}.Debug|Any CPU.Build.0 = Debug|Any CPU
		{6F13ED6C-C2E0-4A5B-8120-E24D12654021}.Release|Any CPU.ActiveCfg = Release|Any CPU
		{6F13ED6C-C2E0-4A5B-8120-E24D12654021}.Release|Any CPU.Build.0 = Release|Any CPU
	EndGlobalSection
	GlobalSection(SolutionProperties) = preSolution
		HideSolutionNode = FALSE
	EndGlobalSection
	GlobalSection(NestedProjects) = preSolution
		{6F13ED6C-C2E0-4A5B-8120-E24D12654021} = {E7EE6EB6-9C87-4D60-9079-85045CC5CE80}
	EndGlobalSection
EndGlobal
